
Microsoft Visual Studio Solution File, Format Version 12.00
# Visual Studio Version 17
VisualStudioVersion = 17.5.002.0
MinimumVisualStudioVersion = 10.0.40219.1
Project("{2150E333-8FDC-42A3-9474-1A3956D46DE8}") = "CLASS", "CLASS", "{C3917A74-0A18-4231-8B76-CE650B1BE05B}"
EndProject
Project("{9A19103F-16F7-4668-BE54-9A1E7A4F7556}") = "practiceClass", "CLASS\practiceClass\practiceClass.csproj", "{AA1D643B-62AB-44B1-BBD2-8B9002F9623B}"
EndProject
Global
	GlobalSection(SolutionConfigurationPlatforms) = preSolution
		Debug|Any CPU = Debug|Any CPU
		Release|Any CPU = Release|Any CPU
	EndGlobalSection
	GlobalSection(ProjectConfigurationPlatforms) = postSolution
		{AA1D643B-62AB-44B1-BBD2-8B9002F9623B}.Debug|Any CPU.ActiveCfg = Debug|Any CPU
		{AA1D643B-62AB-44B1-BBD2-8B9002F9623B}.Debug|Any CPU.Build.0 = Debug|Any CPU
		{AA1D643B-62AB-44B1-BBD2-8B9002F9623B}.Release|Any CPU.ActiveCfg = Release|Any CPU
		{AA1D643B-62AB-44B1-BBD2-8B9002F9623B}.Release|Any CPU.Build.0 = Release|Any CPU
	EndGlobalSection
	GlobalSection(SolutionProperties) = preSolution
		HideSolutionNode = FALSE
	EndGlobalSection
	GlobalSection(NestedProjects) = preSolution
		{AA1D643B-62AB-44B1-BBD2-8B9002F9623B} = {C3917A74-0A18-4231-8B76-CE650B1BE05B}
	EndGlobalSection
	GlobalSection(ExtensibilityGlobals) = postSolution
		SolutionGuid = {72C6B93D-621A-41AF-B963-79C0D37DDCF0}
	EndGlobalSection
EndGlobal
