
Microsoft Visual Studio Solution File, Format Version 12.00
# Visual Studio Version 17
VisualStudioVersion = 17.5.002.0
MinimumVisualStudioVersion = 10.0.40219.1
Project("{9A19103F-16F7-4668-BE54-9A1E7A4F7556}") = "H_PrivateMethod", "H_PrivateMethod.csproj", "{AE273442-559B-47F3-B73E-8A45A43F560C}"
EndProject
Global
	GlobalSection(SolutionConfigurationPlatforms) = preSolution
		Debug|Any CPU = Debug|Any CPU
		Release|Any CPU = Release|Any CPU
	EndGlobalSection
	GlobalSection(ProjectConfigurationPlatforms) = postSolution
		{AE273442-559B-47F3-B73E-8A45A43F560C}.Debug|Any CPU.ActiveCfg = Debug|Any CPU
		{AE273442-559B-47F3-B73E-8A45A43F560C}.Debug|Any CPU.Build.0 = Debug|Any CPU
		{AE273442-559B-47F3-B73E-8A45A43F560C}.Release|Any CPU.ActiveCfg = Release|Any CPU
		{AE273442-559B-47F3-B73E-8A45A43F560C}.Release|Any CPU.Build.0 = Release|Any CPU
	EndGlobalSection
	GlobalSection(SolutionProperties) = preSolution
		HideSolutionNode = FALSE
	EndGlobalSection
	GlobalSection(ExtensibilityGlobals) = postSolution
		SolutionGuid = {F609591A-EEB2-41BD-B51D-3E56FBAC0A7E}
	EndGlobalSection
EndGlobal
